
Microsoft Visual Studio Solution File, Format Version 12.00
# Visual Studio 15
VisualStudioVersion = 15.0.28307.271
MinimumVisualStudioVersion = 10.0.40219.1
Project("{FAE04EC0-301F-11D3-BF4B-00C04F79EFBC}") = "Dictionary", "Dictionary\Dictionary.csproj", "{9E18745E-F656-4820-A799-51CCEFC15F90}"
EndProject
Project("{FAE04EC0-301F-11D3-BF4B-00C04F79EFBC}") = "Dictionary.Tests", "DictionaryFacts\Dictionary.Tests.csproj", "{B56F476A-11EA-4343-92ED-EF84FDA44C0B}"
EndProject
Global
	GlobalSection(SolutionConfigurationPlatforms) = preSolution
		Debug|Any CPU = Debug|Any CPU
		Release|Any CPU = Release|Any CPU
	EndGlobalSection
	GlobalSection(ProjectConfigurationPlatforms) = postSolution
		{9E18745E-F656-4820-A799-51CCEFC15F90}.Debug|Any CPU.ActiveCfg = Debug|Any CPU
		{9E18745E-F656-4820-A799-51CCEFC15F90}.Debug|Any CPU.Build.0 = Debug|Any CPU
		{9E18745E-F656-4820-A799-51CCEFC15F90}.Release|Any CPU.ActiveCfg = Release|Any CPU
		{9E18745E-F656-4820-A799-51CCEFC15F90}.Release|Any CPU.Build.0 = Release|Any CPU
		{B56F476A-11EA-4343-92ED-EF84FDA44C0B}.Debug|Any CPU.ActiveCfg = Debug|Any CPU
		{B56F476A-11EA-4343-92ED-EF84FDA44C0B}.Debug|Any CPU.Build.0 = Debug|Any CPU
		{B56F476A-11EA-4343-92ED-EF84FDA44C0B}.Release|Any CPU.ActiveCfg = Release|Any CPU
		{B56F476A-11EA-4343-92ED-EF84FDA44C0B}.Release|Any CPU.Build.0 = Release|Any CPU
	EndGlobalSection
	GlobalSection(SolutionProperties) = preSolution
		HideSolutionNode = FALSE
	EndGlobalSection
	GlobalSection(ExtensibilityGlobals) = postSolution
		SolutionGuid = {99E3D464-33E0-4D4B-AD99-820A264B1AFD}
	EndGlobalSection
EndGlobal
